
Microsoft Visual Studio Solution File, Format Version 12.00
# Visual Studio Version 17
VisualStudioVersion = 17.5.33516.290
MinimumVisualStudioVersion = 10.0.40219.1
Project("{FAE04EC0-301F-11D3-BF4B-00C04F79EFBC}") = "Interfaz", "Interfaz\Interfaz.csproj", "{0BD627BD-4341-4D5A-9EBB-CCF6377EC068}"
EndProject
Project("{FAE04EC0-301F-11D3-BF4B-00C04F79EFBC}") = "Datos", "Datos\Datos.csproj", "{A16C8ADD-77EE-4418-A1D9-D83915F8EFDB}"
EndProject
Project("{FAE04EC0-301F-11D3-BF4B-00C04F79EFBC}") = "Negocio", "Negocio\Negocio.csproj", "{57C7B8DA-9F2A-4E58-A8A0-50B67740F05D}"
EndProject
Project("{FAE04EC0-301F-11D3-BF4B-00C04F79EFBC}") = "Entidad", "Entidad\Entidad.csproj", "{AFDE92E9-45FD-4D4F-A09E-709B0DDF9287}"
EndProject
Global
	GlobalSection(SolutionConfigurationPlatforms) = preSolution
		Debug|Any CPU = Debug|Any CPU
		Release|Any CPU = Release|Any CPU
	EndGlobalSection
	GlobalSection(ProjectConfigurationPlatforms) = postSolution
		{0BD627BD-4341-4D5A-9EBB-CCF6377EC068}.Debug|Any CPU.ActiveCfg = Debug|Any CPU
		{0BD627BD-4341-4D5A-9EBB-CCF6377EC068}.Debug|Any CPU.Build.0 = Debug|Any CPU
		{0BD627BD-4341-4D5A-9EBB-CCF6377EC068}.Release|Any CPU.ActiveCfg = Release|Any CPU
		{0BD627BD-4341-4D5A-9EBB-CCF6377EC068}.Release|Any CPU.Build.0 = Release|Any CPU
		{A16C8ADD-77EE-4418-A1D9-D83915F8EFDB}.Debug|Any CPU.ActiveCfg = Debug|Any CPU
		{A16C8ADD-77EE-4418-A1D9-D83915F8EFDB}.Debug|Any CPU.Build.0 = Debug|Any CPU
		{A16C8ADD-77EE-4418-A1D9-D83915F8EFDB}.Release|Any CPU.ActiveCfg = Release|Any CPU
		{A16C8ADD-77EE-4418-A1D9-D83915F8EFDB}.Release|Any CPU.Build.0 = Release|Any CPU
		{57C7B8DA-9F2A-4E58-A8A0-50B67740F05D}.Debug|Any CPU.ActiveCfg = Debug|Any CPU
		{57C7B8DA-9F2A-4E58-A8A0-50B67740F05D}.Debug|Any CPU.Build.0 = Debug|Any CPU
		{57C7B8DA-9F2A-4E58-A8A0-50B67740F05D}.Release|Any CPU.ActiveCfg = Release|Any CPU
		{57C7B8DA-9F2A-4E58-A8A0-50B67740F05D}.Release|Any CPU.Build.0 = Release|Any CPU
		{AFDE92E9-45FD-4D4F-A09E-709B0DDF9287}.Debug|Any CPU.ActiveCfg = Debug|Any CPU
		{AFDE92E9-45FD-4D4F-A09E-709B0DDF9287}.Debug|Any CPU.Build.0 = Debug|Any CPU
		{AFDE92E9-45FD-4D4F-A09E-709B0DDF9287}.Release|Any CPU.ActiveCfg = Release|Any CPU
		{AFDE92E9-45FD-4D4F-A09E-709B0DDF9287}.Release|Any CPU.Build.0 = Release|Any CPU
	EndGlobalSection
	GlobalSection(SolutionProperties) = preSolution
		HideSolutionNode = FALSE
	EndGlobalSection
	GlobalSection(ExtensibilityGlobals) = postSolution
		SolutionGuid = {8EEECC68-E7AA-410B-9C1A-924167B8112E}
	EndGlobalSection
EndGlobal
